lockfileVersion: 5.3

specifiers:
  '@types/node': ^17.0.25
  '@vitejs/plugin-vue': ^2.3.1
  axios: ^0.26.1
  pinia: ^2.0.13
  sass: ^1.50.1
  typescript: ^4.5.4
  vite: ^2.9.5
  vue: ^3.2.25
  vue-router: ^4.0.14
  vue-tsc: ^0.34.7

dependencies:
  axios: registry.npmmirror.com/axios/0.26.1
  pinia: registry.npmmirror.com/pinia/2.0.13_typescript@4.6.3+vue@3.2.33
  vue: registry.npmmirror.com/vue/3.2.33
  vue-router: registry.npmmirror.com/vue-router/4.0.14_vue@3.2.33

devDependencies:
  '@types/node': registry.npmmirror.com/@types/node/17.0.25
  '@vitejs/plugin-vue': registry.npmmirror.com/@vitejs/plugin-vue/2.3.1_vite@2.9.5+vue@3.2.33
  sass: registry.npmmirror.com/sass/1.50.1
  typescript: registry.npmmirror.com/typescript/4.6.3
  vite: registry.npmmirror.com/vite/2.9.5_sass@1.50.1
  vue-tsc: registry.npmmirror.com/vue-tsc/0.34.8_typescript@4.6.3

packages:

  registry.npmmirror.com/@babel/parser/7.17.9:
    resolution: {integrity: sha512-vqUSBLP8dQHFPdPi9bc5GK9vRkYHJ49fsZdtoJ8EQ8ibpwk5rPKfvNIwChB0KVXcIjcepEBBd2VHC5r9Gy8ueg==, registry: https://registry.npm.taobao.org/, tarball: https://registry.npmmirror.com/@babel/parser/-/parser-7.17.9.tgz}
    name: '@babel/parser'
    version: 7.17.9
    engines: {node: '>=6.0.0'}
    hasBin: true

  registry.npmmirror.com/@types/node/17.0.25:
    resolution: {integrity: sha512-wANk6fBrUwdpY4isjWrKTufkrXdu1D2YHCot2fD/DfWxF5sMrVSA+KN7ydckvaTCh0HiqX9IVl0L5/ZoXg5M7w==, registry: https://registry.npm.taobao.org/, tarball: https://registry.npmmirror.com/@types/node/-/node-17.0.25.tgz}
    name: '@types/node'
    version: 17.0.25
    dev: true

  registry.npmmirror.com/@vitejs/plugin-vue/2.3.1_vite@2.9.5+vue@3.2.33:
    resolution: {integrity: sha512-YNzBt8+jt6bSwpt7LP890U1UcTOIZZxfpE5WOJ638PNxSEKOqAi0+FSKS0nVeukfdZ0Ai/H7AFd6k3hayfGZqQ==, registry: https://registry.npm.taobao.org/, tarball: https://registry.npmmirror.com/@vitejs/plugin-vue/-/plugin-vue-2.3.1.tgz}
    id: registry.npmmirror.com/@vitejs/plugin-vue/2.3.1
    name: '@vitejs/plugin-vue'
    version: 2.3.1
    engines: {node: '>=12.0.0'}
    peerDependencies:
      vite: ^2.5.10
      vue: ^3.2.25
    dependencies:
      vite: registry.npmmirror.com/vite/2.9.5_sass@1.50.1
      vue: registry.npmmirror.com/vue/3.2.33
    dev: true

  registry.npmmirror.com/@volar/code-gen/0.34.8:
    resolution: {integrity: sha512-BTH6704XbsppOMyAAZzuV8Y9ENe5CzAkkaUBOFJGzYA4M8XOpQGC0A8I31aUc+XGS23DCATgkar8V/HeHEC6JQ==, registry: https://registry.npm.taobao.org/, tarball: https://registry.npmmirror.com/@volar/code-gen/-/code-gen-0.34.8.tgz}
    name: '@volar/code-gen'
    version: 0.34.8
    dependencies:
      '@volar/source-map': registry.npmmirror.com/@volar/source-map/0.34.8
    dev: true

  registry.npmmirror.com/@volar/source-map/0.34.8:
    resolution: {integrity: sha512-PPCcf72A4a3DCqTCHf2MM6IVtHswGl5nkdS9VkeFQfau6OHt1byDCgoo9E9O41N90MmUAdAQAdiYbc2MHRWPIg==, registry: https://registry.npm.taobao.org/, tarball: https://registry.npmmirror.com/@volar/source-map/-/source-map-0.34.8.tgz}
    name: '@volar/source-map'
    version: 0.34.8
    dev: true

  registry.npmmirror.com/@volar/vue-code-gen/0.34.8:
    resolution: {integrity: sha512-vfRVlC/H24EZ0pNzOUawBJJ1XbZwos2HDhRgONN0R0+aiRtFUWFcFq+yRztWEEhYCLJNaU3+ZlXK5UOKqCf0zQ==, registry: https://registry.npm.taobao.org/, tarball: https://registry.npmmirror.com/@volar/vue-code-gen/-/vue-code-gen-0.34.8.tgz}
    name: '@volar/vue-code-gen'
    version: 0.34.8
    dependencies:
      '@volar/code-gen': registry.npmmirror.com/@volar/code-gen/0.34.8
      '@volar/source-map': registry.npmmirror.com/@volar/source-map/0.34.8
      '@vue/compiler-core': registry.npmmirror.com/@vue/compiler-core/3.2.33
      '@vue/compiler-dom': registry.npmmirror.com/@vue/compiler-dom/3.2.33
      '@vue/shared': registry.npmmirror.com/@vue/shared/3.2.33
    dev: true

  registry.npmmirror.com/@volar/vue-typescript/0.34.8:
    resolution: {integrity: sha512-TmdqxlnCt0j4cUMxnwJH/CX4Tb/87mCkhxsCeaD44m9U4MC9vMVaev6JOW72Jpu00FmSmPOREX5nYfQbA3ycSw==, registry: https://registry.npm.taobao.org/, tarball: https://registry.npmmirror.com/@volar/vue-typescript/-/vue-typescript-0.34.8.tgz}
    name: '@volar/vue-typescript'
    version: 0.34.8
    dependencies:
      '@volar/code-gen': registry.npmmirror.com/@volar/code-gen/0.34.8
      '@volar/source-map': registry.npmmirror.com/@volar/source-map/0.34.8
      '@volar/vue-code-gen': registry.npmmirror.com/@volar/vue-code-gen/0.34.8
      '@vue/compiler-sfc': registry.npmmirror.com/@vue/compiler-sfc/3.2.33
      '@vue/reactivity': registry.npmmirror.com/@vue/reactivity/3.2.33
    dev: true

  registry.npmmirror.com/@vue/compiler-core/3.2.33:
    resolution: {integrity: sha512-AAmr52ji3Zhk7IKIuigX2osWWsb2nQE5xsdFYjdnmtQ4gymmqXbjLvkSE174+fF3A3kstYrTgGkqgOEbsdLDpw==, registry: https://registry.npm.taobao.org/, tarball: https://registry.npmmirror.com/@vue/compiler-core/-/compiler-core-3.2.33.tgz}
    name: '@vue/compiler-core'
    version: 3.2.33
    dependencies:
      '@babel/parser': registry.npmmirror.com/@babel/parser/7.17.9
      '@vue/shared': registry.npmmirror.com/@vue/shared/3.2.33
      estree-walker: registry.npmmirror.com/estree-walker/2.0.2
      source-map: registry.npmmirror.com/source-map/0.6.1

  registry.npmmirror.com/@vue/compiler-dom/3.2.33:
    resolution: {integrity: sha512-GhiG1C8X98Xz9QUX/RlA6/kgPBWJkjq0Rq6//5XTAGSYrTMBgcLpP9+CnlUg1TFxnnCVughAG+KZl28XJqw8uQ==, registry: https://registry.npm.taobao.org/, tarball: https://registry.npmmirror.com/@vue/compiler-dom/-/compiler-dom-3.2.33.tgz}
    name: '@vue/compiler-dom'
    version: 3.2.33
    dependencies:
      '@vue/compiler-core': registry.npmmirror.com/@vue/compiler-core/3.2.33
      '@vue/shared': registry.npmmirror.com/@vue/shared/3.2.33

  registry.npmmirror.com/@vue/compiler-sfc/3.2.33:
    resolution: {integrity: sha512-H8D0WqagCr295pQjUYyO8P3IejM3vEzeCO1apzByAEaAR/WimhMYczHfZVvlCE/9yBaEu/eu9RdiWr0kF8b71Q==, registry: https://registry.npm.taobao.org/, tarball: https://registry.npmmirror.com/@vue/compiler-sfc/-/compiler-sfc-3.2.33.tgz}
    name: '@vue/compiler-sfc'
    version: 3.2.33
    dependencies:
      '@babel/parser': registry.npmmirror.com/@babel/parser/7.17.9
      '@vue/compiler-core': registry.npmmirror.com/@vue/compiler-core/3.2.33
      '@vue/compiler-dom': registry.npmmirror.com/@vue/compiler-dom/3.2.33
      '@vue/compiler-ssr': registry.npmmirror.com/@vue/compiler-ssr/3.2.33
      '@vue/reactivity-transform': registry.npmmirror.com/@vue/reactivity-transform/3.2.33
      '@vue/shared': registry.npmmirror.com/@vue/shared/3.2.33
      estree-walker: registry.npmmirror.com/estree-walker/2.0.2
      magic-string: registry.npmmirror.com/magic-string/0.25.9
      postcss: registry.npmmirror.com/postcss/8.4.12
      source-map: registry.npmmirror.com/source-map/0.6.1

  registry.npmmirror.com/@vue/compiler-ssr/3.2.33:
    resolution: {integrity: sha512-XQh1Xdk3VquDpXsnoCd7JnMoWec9CfAzQDQsaMcSU79OrrO2PNR0ErlIjm/mGq3GmBfkQjzZACV+7GhfRB8xMQ==, registry: https://registry.npm.taobao.org/, tarball: https://registry.npmmirror.com/@vue/compiler-ssr/-/compiler-ssr-3.2.33.tgz}
    name: '@vue/compiler-ssr'
    version: 3.2.33
    dependencies:
      '@vue/compiler-dom': registry.npmmirror.com/@vue/compiler-dom/3.2.33
      '@vue/shared': registry.npmmirror.com/@vue/shared/3.2.33

  registry.npmmirror.com/@vue/devtools-api/6.1.4:
    resolution: {integrity: sha512-IiA0SvDrJEgXvVxjNkHPFfDx6SXw0b/TUkqMcDZWNg9fnCAHbTpoo59YfJ9QLFkwa3raau5vSlRVzMSLDnfdtQ==, registry: https://registry.npm.taobao.org/, tarball: https://registry.npmmirror.com/@vue/devtools-api/-/devtools-api-6.1.4.tgz}
    name: '@vue/devtools-api'
    version: 6.1.4
    dev: false

  registry.npmmirror.com/@vue/reactivity-transform/3.2.33:
    resolution: {integrity: sha512-4UL5KOIvSQb254aqenW4q34qMXbfZcmEsV/yVidLUgvwYQQ/D21bGX3DlgPUGI3c4C+iOnNmDCkIxkILoX/Pyw==, registry: https://registry.npm.taobao.org/, tarball: https://registry.npmmirror.com/@vue/reactivity-transform/-/reactivity-transform-3.2.33.tgz}
    name: '@vue/reactivity-transform'
    version: 3.2.33
    dependencies:
      '@babel/parser': registry.npmmirror.com/@babel/parser/7.17.9
      '@vue/compiler-core': registry.npmmirror.com/@vue/compiler-core/3.2.33
      '@vue/shared': registry.npmmirror.com/@vue/shared/3.2.33
      estree-walker: registry.npmmirror.com/estree-walker/2.0.2
      magic-string: registry.npmmirror.com/magic-string/0.25.9

  registry.npmmirror.com/@vue/reactivity/3.2.33:
    resolution: {integrity: sha512-62Sq0mp9/0bLmDuxuLD5CIaMG2susFAGARLuZ/5jkU1FCf9EDbwUuF+BO8Ub3Rbodx0ziIecM/NsmyjardBxfQ==, registry: https://registry.npm.taobao.org/, tarball: https://registry.npmmirror.com/@vue/reactivity/-/reactivity-3.2.33.tgz}
    name: '@vue/reactivity'
    version: 3.2.33
    dependencies:
      '@vue/shared': registry.npmmirror.com/@vue/shared/3.2.33

  registry.npmmirror.com/@vue/runtime-core/3.2.33:
    resolution: {integrity: sha512-N2D2vfaXsBPhzCV3JsXQa2NECjxP3eXgZlFqKh4tgakp3iX6LCGv76DLlc+IfFZq+TW10Y8QUfeihXOupJ1dGw==, registry: https://registry.npm.taobao.org/, tarball: https://registry.npmmirror.com/@vue/runtime-core/-/runtime-core-3.2.33.tgz}
    name: '@vue/runtime-core'
    version: 3.2.33
    dependencies:
      '@vue/reactivity': registry.npmmirror.com/@vue/reactivity/3.2.33
      '@vue/shared': registry.npmmirror.com/@vue/shared/3.2.33
    dev: false

  registry.npmmirror.com/@vue/runtime-dom/3.2.33:
    resolution: {integrity: sha512-LSrJ6W7CZTSUygX5s8aFkraDWlO6K4geOwA3quFF2O+hC3QuAMZt/0Xb7JKE3C4JD4pFwCSO7oCrZmZ0BIJUnw==, registry: https://registry.npm.taobao.org/, tarball: https://registry.npmmirror.com/@vue/runtime-dom/-/runtime-dom-3.2.33.tgz}
    name: '@vue/runtime-dom'
    version: 3.2.33
    dependencies:
      '@vue/runtime-core': registry.npmmirror.com/@vue/runtime-core/3.2.33
      '@vue/shared': registry.npmmirror.com/@vue/shared/3.2.33
      csstype: registry.npmmirror.com/csstype/2.6.20
    dev: false

  registry.npmmirror.com/@vue/server-renderer/3.2.33_vue@3.2.33:
    resolution: {integrity: sha512-4jpJHRD4ORv8PlbYi+/MfP8ec1okz6rybe36MdpkDrGIdEItHEUyaHSKvz+ptNEyQpALmmVfRteHkU9F8vxOew==, registry: https://registry.npm.taobao.org/, tarball: https://registry.npmmirror.com/@vue/server-renderer/-/server-renderer-3.2.33.tgz}
    id: registry.npmmirror.com/@vue/server-renderer/3.2.33
    name: '@vue/server-renderer'
    version: 3.2.33
    peerDependencies:
      vue: 3.2.33
    dependencies:
      '@vue/compiler-ssr': registry.npmmirror.com/@vue/compiler-ssr/3.2.33
      '@vue/shared': registry.npmmirror.com/@vue/shared/3.2.33
      vue: registry.npmmirror.com/vue/3.2.33
    dev: false

  registry.npmmirror.com/@vue/shared/3.2.33:
    resolution: {integrity: sha512-UBc1Pg1T3yZ97vsA2ueER0F6GbJebLHYlEi4ou1H5YL4KWvMOOWwpYo9/QpWq93wxKG6Wo13IY74Hcn/f7c7Bg==, registry: https://registry.npm.taobao.org/, tarball: https://registry.npmmirror.com/@vue/shared/-/shared-3.2.33.tgz}
    name: '@vue/shared'
    version: 3.2.33

  registry.npmmirror.com/anymatch/3.1.2:
    resolution: {integrity: sha512-P43ePfOAIupkguHUycrc4qJ9kz8ZiuOUijaETwX7THt0Y/GNK7v0aa8rY816xWjZ7rJdA5XdMcpVFTKMq+RvWg==, registry: https://registry.npm.taobao.org/, tarball: https://registry.npmmirror.com/anymatch/-/anymatch-3.1.2.tgz}
    name: anymatch
    version: 3.1.2
    engines: {node: '>= 8'}
    dependencies:
      normalize-path: registry.npmmirror.com/normalize-path/3.0.0
      picomatch: registry.npmmirror.com/picomatch/2.3.1
    dev: true

  registry.npmmirror.com/axios/0.26.1:
    resolution: {integrity: sha512-fPwcX4EvnSHuInCMItEhAGnaSEXRBjtzh9fOtsE6E1G6p7vl7edEeZe11QHf18+6+9gR5PbKV/sGKNaD8YaMeA==, registry: https://registry.npm.taobao.org/, tarball: https://registry.npmmirror.com/axios/-/axios-0.26.1.tgz}
    name: axios
    version: 0.26.1
    dependencies:
      follow-redirects: registry.npmmirror.com/follow-redirects/1.14.9
    transitivePeerDependencies:
      - debug
    dev: false

  registry.npmmirror.com/binary-extensions/2.2.0:
    resolution: {integrity: sha512-jDctJ/IVQbZoJykoeHbhXpOlNBqGNcwXJKJog42E5HDPUwQTSdjCHdihjj0DlnheQ7blbT6dHOafNAiS8ooQKA==, registry: https://registry.npm.taobao.org/, tarball: https://registry.npmmirror.com/binary-extensions/-/binary-extensions-2.2.0.tgz}
    name: binary-extensions
    version: 2.2.0
    engines: {node: '>=8'}
    dev: true

  registry.npmmirror.com/braces/3.0.2:
    resolution: {integrity: sha512-b8um+L1RzM3WDSzvhm6gIz1yfTbBt6YTlcEKAvsmqCZZFw46z626lVj9j1yEPW33H5H+lBQpZMP1k8l+78Ha0A==, registry: https://registry.npm.taobao.org/, tarball: https://registry.npmmirror.com/braces/-/braces-3.0.2.tgz}
    name: braces
    version: 3.0.2
    engines: {node: '>=8'}
    dependencies:
      fill-range: registry.npmmirror.com/fill-range/7.0.1
    dev: true

  registry.npmmirror.com/chokidar/3.5.3:
    resolution: {integrity: sha512-Dr3sfKRP6oTcjf2JmUmFJfeVMvXBdegxB0iVQ5eb2V10uFJUCAS8OByZdVAyVb8xXNz3GjjTgj9kLWsZTqE6kw==, registry: https://registry.npm.taobao.org/, tarball: https://registry.npmmirror.com/chokidar/-/chokidar-3.5.3.tgz}
    name: chokidar
    version: 3.5.3
    engines: {node: '>= 8.10.0'}
    dependencies:
      anymatch: registry.npmmirror.com/anymatch/3.1.2
      braces: registry.npmmirror.com/braces/3.0.2
      glob-parent: registry.npmmirror.com/glob-parent/5.1.2
      is-binary-path: registry.npmmirror.com/is-binary-path/2.1.0
      is-glob: registry.npmmirror.com/is-glob/4.0.3
      normalize-path: registry.npmmirror.com/normalize-path/3.0.0
      readdirp: registry.npmmirror.com/readdirp/3.6.0
    optionalDependencies:
      fsevents: registry.npmmirror.com/fsevents/2.3.2
    dev: true

  registry.npmmirror.com/csstype/2.6.20:
    resolution: {integrity: sha512-/WwNkdXfckNgw6S5R125rrW8ez139lBHWouiBvX8dfMFtcn6V81REDqnH7+CRpRipfYlyU1CmOnOxrmGcFOjeA==, registry: https://registry.npm.taobao.org/, tarball: https://registry.npmmirror.com/csstype/-/csstype-2.6.20.tgz}
    name: csstype
    version: 2.6.20
    dev: false

  registry.npmmirror.com/esbuild-android-64/0.14.37:
    resolution: {integrity: sha512-Jb61ihbS3iSj3+PhURe7sEuBg4h16CeT4CiT3W4Aop6rr5p/N6IvNXNWFX0gzUaRWtGoAFfCXFBEIn6zWUU3hQ==, registry: https://registry.npm.taobao.org/, tarball: https://registry.npmmirror.com/esbuild-android-64/-/esbuild-android-64-0.14.37.tgz}
    name: esbuild-android-64
    version: 0.14.37
    engines: {node: '>=12'}
    cpu: [x64]
    os: [android]
    requiresBuild: true
    dev: true
    optional: true

  registry.npmmirror.com/esbuild-android-arm64/0.14.37:
    resolution: {integrity: sha512-wwcI+EUHWe1LlxBE7vjdqZ53DEiCllD6XsYOIiGxzL8KaG7eOLXNS7tNhdK0QIR4wwMNTPLDB40ZKuAXZ8zv6Q==, registry: https://registry.npm.taobao.org/, tarball: https://registry.npmmirror.com/esbuild-android-arm64/-/esbuild-android-arm64-0.14.37.tgz}
    name: esbuild-android-arm64
    version: 0.14.37
    engines: {node: '>=12'}
    cpu: [arm64]
    os: [android]
    requiresBuild: true
    dev: true
    optional: true

  registry.npmmirror.com/esbuild-darwin-64/0.14.37:
    resolution: {integrity: sha512-gg/UZ/FZrRzPq+tAOiMwyBoa6eNxX6bcjuivZ8v2Tny83RhIyeDhvC84dgVcPinqK39u8pOYw6a7nffotUrjKQ==, registry: https://registry.npm.taobao.org/, tarball: https://registry.npmmirror.com/esbuild-darwin-64/-/esbuild-darwin-64-0.14.37.tgz}
    name: esbuild-darwin-64
    version: 0.14.37
    engines: {node: '>=12'}
    cpu: [x64]
    os: [darwin]
    requiresBuild: true
    dev: true
    optional: true

  registry.npmmirror.com/esbuild-darwin-arm64/0.14.37:
    resolution: {integrity: sha512-eFwy5il5yvIHAVau97kWoNYfxuCd1X7hfgKc4Ns5ymlYXhyRzRywwJfknHax5rDyZxfDXtnFaT/nftUiYwsHIQ==, registry: https://registry.npm.taobao.org/, tarball: https://registry.npmmirror.com/esbuild-darwin-arm64/-/esbuild-darwin-arm64-0.14.37.tgz}
    name: esbuild-darwin-arm64
    version: 0.14.37
    engines: {node: '>=12'}
    cpu: [arm64]
    os: [darwin]
    requiresBuild: true
    dev: true
    optional: true

  registry.npmmirror.com/esbuild-freebsd-64/0.14.37:
    resolution: {integrity: sha512-4iFbdmohve6wyPwsVPe/1j5rVwg5uPTopmgIUiJBbnPKMmo8NecUSbz3HwddsDHLrvGoIs5aOiETPWo9rg3wyg==, registry: https://registry.npm.taobao.org/, tarball: https://registry.npmmirror.com/esbuild-freebsd-64/-/esbuild-freebsd-64-0.14.37.tgz}
    name: esbuild-freebsd-64
    version: 0.14.37
    engines: {node: '>=12'}
    cpu: [x64]
    os: [freebsd]
    requiresBuild: true
    dev: true
    optional: true

  registry.npmmirror.com/esbuild-freebsd-arm64/0.14.37:
    resolution: {integrity: sha512-MGmZ9akBdqcIH7FcWhUrVTmTW18Xz/EVrvBcV6BHSFDQci0YnOhPAGCrV54t1JNG/5poHNBnaG3R2zNxnmJT5Q==, registry: https://registry.npm.taobao.org/, tarball: https://registry.npmmirror.com/esbuild-freebsd-arm64/-/esbuild-freebsd-arm64-0.14.37.tgz}
    name: esbuild-freebsd-arm64
    version: 0.14.37
    engines: {node: '>=12'}
    cpu: [arm64]
    os: [freebsd]
    requiresBuild: true
    dev: true
    optional: true

  registry.npmmirror.com/esbuild-linux-32/0.14.37:
    resolution: {integrity: sha512-UCyQrn3n3dHXHDQTPO3gWxfoqtEpGObBdAgevuUtw0//TSyNftnaLcQYyBiGC6J85sM8f/c+Minz5jUFOKrmOA==, registry: https://registry.npm.taobao.org/, tarball: https://registry.npmmirror.com/esbuild-linux-32/-/esbuild-linux-32-0.14.37.tgz}
    name: esbuild-linux-32
    version: 0.14.37
    engines: {node: '>=12'}
    cpu: [ia32]
    os: [linux]
    requiresBuild: true
    dev: true
    optional: true

  registry.npmmirror.com/esbuild-linux-64/0.14.37:
    resolution: {integrity: sha512-UURL6k1Ffr6K4faFgdP6lKVvMKYwq8JmAh+odCukzIWN4EpjIzgmhBUzyFVU+VQLh1+K3tlE1SPJ057PNpayUQ==, registry: https://registry.npm.taobao.org/, tarball: https://registry.npmmirror.com/esbuild-linux-64/-/esbuild-linux-64-0.14.37.tgz}
    name: esbuild-linux-64
    version: 0.14.37
    engines: {node: '>=12'}
    cpu: [x64]
    os: [linux]
    requiresBuild: true
    dev: true
    optional: true

  registry.npmmirror.com/esbuild-linux-arm/0.14.37:
    resolution: {integrity: sha512-SgWcdAivyK2z2kcYAGwLTBSTECXXj/lC0S/BiayyHLYJHA6C3aEGexB6ZDMgffj4Quy/l3Tyr9ktZh8bgcmJrA==, registry: https://registry.npm.taobao.org/, tarball: https://registry.npmmirror.com/esbuild-linux-arm/-/esbuild-linux-arm-0.14.37.tgz}
    name: esbuild-linux-arm
    version: 0.14.37
    engines: {node: '>=12'}
    cpu: [arm]
    os: [linux]
    requiresBuild: true
    dev: true
    optional: true

  registry.npmmirror.com/esbuild-linux-arm64/0.14.37:
    resolution: {integrity: sha512-vDHyuFsDpz6nquJO7CAxU2CBj+PB+BJhGawzBrHtcM249fXK4GfVNVArgWFKkSGMZW1ZpKSeef7FeOvM6juhPg==, registry: https://registry.npm.taobao.org/, tarball: https://registry.npmmirror.com/esbuild-linux-arm64/-/esbuild-linux-arm64-0.14.37.tgz}
    name: esbuild-linux-arm64
    version: 0.14.37
    engines: {node: '>=12'}
    cpu: [arm64]
    os: [linux]
    requiresBuild: true
    dev: true
    optional: true

  registry.npmmirror.com/esbuild-linux-mips64le/0.14.37:
    resolution: {integrity: sha512-azRAGYGKg3dxbYE7C+L35/2Oyg1RCuXvT3Z8M76JZF2N1ZNEA9g01zbuw3GtXWLyI6mhhoHxQL0H1SQUL0At1w==, registry: https://registry.npm.taobao.org/, tarball: https://registry.npmmirror.com/esbuild-linux-mips64le/-/esbuild-linux-mips64le-0.14.37.tgz}
    name: esbuild-linux-mips64le
    version: 0.14.37
    engines: {node: '>=12'}
    cpu: [mips64el]
    os: [linux]
    requiresBuild: true
    dev: true
    optional: true

  registry.npmmirror.com/esbuild-linux-ppc64le/0.14.37:
    resolution: {integrity: sha512-SyNitGH/h7Hti7A+a5rkRDHhjra1TM1JnJJymRndOzw5Vd+AkWpoSQxxTfvmRw62g42zoeHBgcyrvGfT053l5w==, registry: https://registry.npm.taobao.org/, tarball: https://registry.npmmirror.com/esbuild-linux-ppc64le/-/esbuild-linux-ppc64le-0.14.37.tgz}
    name: esbuild-linux-ppc64le
    version: 0.14.37
    engines: {node: '>=12'}
    cpu: [ppc64]
    os: [linux]
    requiresBuild: true
    dev: true
    optional: true

  registry.npmmirror.com/esbuild-linux-riscv64/0.14.37:
    resolution: {integrity: sha512-IgEwVXYGC3HpCmZ1nl+vZw1h72i9WEf4mx+JBZ1s+Z0QVGww/8LI6oYZVboPtr7Lok1gKdg5tUZdFukGn5Fr/A==, registry: https://registry.npm.taobao.org/, tarball: https://registry.npmmirror.com/esbuild-linux-riscv64/-/esbuild-linux-riscv64-0.14.37.tgz}
    name: esbuild-linux-riscv64
    version: 0.14.37
    engines: {node: '>=12'}
    cpu: [riscv64]
    os: [linux]
    requiresBuild: true
    dev: true
    optional: true

  registry.npmmirror.com/esbuild-linux-s390x/0.14.37:
    resolution: {integrity: sha512-X105T1x7PV9pZ/rDpOeNiTWGBd1A0BGUbi6hK9BW7X8IxzQZNwAsaahLOlAFf+OKezoSQrhHfNdBwIu9UZMmtw==, registry: https://registry.npm.taobao.org/, tarball: https://registry.npmmirror.com/esbuild-linux-s390x/-/esbuild-linux-s390x-0.14.37.tgz}
    name: esbuild-linux-s390x
    version: 0.14.37
    engines: {node: '>=12'}
    cpu: [s390x]
    os: [linux]
    requiresBuild: true
    dev: true
    optional: true

  registry.npmmirror.com/esbuild-netbsd-64/0.14.37:
    resolution: {integrity: sha512-93mHLGTTFWAemDNGxlx0RJyNQ4E2OnnUGNHpNhKu/zzYw/Imf6dWGB6h7e9axtce8yOg5rOnx8BMhRu0NwQnKA==, registry: https://registry.npm.taobao.org/, tarball: https://registry.npmmirror.com/esbuild-netbsd-64/-/esbuild-netbsd-64-0.14.37.tgz}
    name: esbuild-netbsd-64
    version: 0.14.37
    engines: {node: '>=12'}
    cpu: [x64]
    os: [netbsd]
    requiresBuild: true
    dev: true
    optional: true

  registry.npmmirror.com/esbuild-openbsd-64/0.14.37:
    resolution: {integrity: sha512-jdhv2koRbF69artwD4aaSS72b+syfcdVHKs1SqjyfPvi/MsL7OC+jWGOSCZ329RmnECAwCOaL4dO7ZaJiLLj3Q==, registry: https://registry.npm.taobao.org/, tarball: https://registry.npmmirror.com/esbuild-openbsd-64/-/esbuild-openbsd-64-0.14.37.tgz}
    name: esbuild-openbsd-64
    version: 0.14.37
    engines: {node: '>=12'}
    cpu: [x64]
    os: [openbsd]
    requiresBuild: true
    dev: true
    optional: true

  registry.npmmirror.com/esbuild-sunos-64/0.14.37:
    resolution: {integrity: sha512-YvQsr++g0ZBHJUjPeR1Ui81eFcZTH5qJp8s5GP8jur0BwBM+2wCTNutXSh/ZKYp+4ejOo54PFTy3tGo36q7D6g==, registry: https://registry.npm.taobao.org/, tarball: https://registry.npmmirror.com/esbuild-sunos-64/-/esbuild-sunos-64-0.14.37.tgz}
    name: esbuild-sunos-64
    version: 0.14.37
    engines: {node: '>=12'}
    cpu: [x64]
    os: [sunos]
    requiresBuild: true
    dev: true
    optional: true

  registry.npmmirror.com/esbuild-windows-32/0.14.37:
    resolution: {integrity: sha512-aQlHyME09dWo2FVAniTXLurr/xYZre5bJrnW8yALPUu09ExCC7LzlFQFoJuuSyCdMDHcxYLc6HcrJLwRdR3b/Q==, registry: https://registry.npm.taobao.org/, tarball: https://registry.npmmirror.com/esbuild-windows-32/-/esbuild-windows-32-0.14.37.tgz}
    name: esbuild-windows-32
    version: 0.14.37
    engines: {node: '>=12'}
    cpu: [ia32]
    os: [win32]
    requiresBuild: true
    dev: true
    optional: true

  registry.npmmirror.com/esbuild-windows-64/0.14.37:
    resolution: {integrity: sha512-4mJjpS71AV4rj5PXrOn19uQwiASiyziJwyZT+qQ3M/hc/fIWS2Pgv5gbgytC1O8jptMB6NIpgrauCw56lKgckA==, registry: https://registry.npm.taobao.org/, tarball: https://registry.npmmirror.com/esbuild-windows-64/-/esbuild-windows-64-0.14.37.tgz}
    name: esbuild-windows-64
    version: 0.14.37
    engines: {node: '>=12'}
    cpu: [x64]
    os: [win32]
    requiresBuild: true
    dev: true
    optional: true

  registry.npmmirror.com/esbuild-windows-arm64/0.14.37:
    resolution: {integrity: sha512-wQy+sAKD7/d6vDrgH+i+ZdbRLVHGG5BjBpBRStvGgLiuIo46/QEQCaHbBy2LOtXu/o1JYchxilzeQ+ExZdYkeA==, registry: https://registry.npm.taobao.org/, tarball: https://registry.npmmirror.com/esbuild-windows-arm64/-/esbuild-windows-arm64-0.14.37.tgz}
    name: esbuild-windows-arm64
    version: 0.14.37
    engines: {node: '>=12'}
    cpu: [arm64]
    os: [win32]
    requiresBuild: true
    dev: true
    optional: true

  registry.npmmirror.com/esbuild/0.14.37:
    resolution: {integrity: sha512-sPlTpEkjzgFjWjYdve5xM1A3fpKXWNc+0yh0u9tqdER992OEpvde1c/+5rbRFsaSEEjQM9qXRcYn3EvNwgLF9w==, registry: https://registry.npm.taobao.org/, tarball: https://registry.npmmirror.com/esbuild/-/esbuild-0.14.37.tgz}
    name: esbuild
    version: 0.14.37
    engines: {node: '>=12'}
    hasBin: true
    requiresBuild: true
    optionalDependencies:
      esbuild-android-64: registry.npmmirror.com/esbuild-android-64/0.14.37
      esbuild-android-arm64: registry.npmmirror.com/esbuild-android-arm64/0.14.37
      esbuild-darwin-64: registry.npmmirror.com/esbuild-darwin-64/0.14.37
      esbuild-darwin-arm64: registry.npmmirror.com/esbuild-darwin-arm64/0.14.37
      esbuild-freebsd-64: registry.npmmirror.com/esbuild-freebsd-64/0.14.37
      esbuild-freebsd-arm64: registry.npmmirror.com/esbuild-freebsd-arm64/0.14.37
      esbuild-linux-32: registry.npmmirror.com/esbuild-linux-32/0.14.37
      esbuild-linux-64: registry.npmmirror.com/esbuild-linux-64/0.14.37
      esbuild-linux-arm: registry.npmmirror.com/esbuild-linux-arm/0.14.37
      esbuild-linux-arm64: registry.npmmirror.com/esbuild-linux-arm64/0.14.37
      esbuild-linux-mips64le: registry.npmmirror.com/esbuild-linux-mips64le/0.14.37
      esbuild-linux-ppc64le: registry.npmmirror.com/esbuild-linux-ppc64le/0.14.37
      esbuild-linux-riscv64: registry.npmmirror.com/esbuild-linux-riscv64/0.14.37
      esbuild-linux-s390x: registry.npmmirror.com/esbuild-linux-s390x/0.14.37
      esbuild-netbsd-64: registry.npmmirror.com/esbuild-netbsd-64/0.14.37
      esbuild-openbsd-64: registry.npmmirror.com/esbuild-openbsd-64/0.14.37
      esbuild-sunos-64: registry.npmmirror.com/esbuild-sunos-64/0.14.37
      esbuild-windows-32: registry.npmmirror.com/esbuild-windows-32/0.14.37
      esbuild-windows-64: registry.npmmirror.com/esbuild-windows-64/0.14.37
      esbuild-windows-arm64: registry.npmmirror.com/esbuild-windows-arm64/0.14.37
    dev: true

  registry.npmmirror.com/estree-walker/2.0.2:
    resolution: {integrity: sha512-Rfkk/Mp/DL7JVje3u18FxFujQlTNR2q6QfMSMB7AvCBx91NGj/ba3kCfza0f6dVDbw7YlRf/nDrn7pQrCCyQ/w==, registry: https://registry.npm.taobao.org/, tarball: https://registry.npmmirror.com/estree-walker/-/estree-walker-2.0.2.tgz}
    name: estree-walker
    version: 2.0.2

  registry.npmmirror.com/fill-range/7.0.1:
    resolution: {integrity: sha512-qOo9F+dMUmC2Lcb4BbVvnKJxTPjCm+RRpe4gDuGrzkL7mEVl/djYSu2OdQ2Pa302N4oqkSg9ir6jaLWJ2USVpQ==, registry: https://registry.npm.taobao.org/, tarball: https://registry.npmmirror.com/fill-range/-/fill-range-7.0.1.tgz}
    name: fill-range
    version: 7.0.1
    engines: {node: '>=8'}
    dependencies:
      to-regex-range: registry.npmmirror.com/to-regex-range/5.0.1
    dev: true

  registry.npmmirror.com/follow-redirects/1.14.9:
    resolution: {integrity: sha512-MQDfihBQYMcyy5dhRDJUHcw7lb2Pv/TuE6xP1vyraLukNDHKbDxDNaOE3NbCAdKQApno+GPRyo1YAp89yCjK4w==, registry: https://registry.npm.taobao.org/, tarball: https://registry.npmmirror.com/follow-redirects/-/follow-redirects-1.14.9.tgz}
    name: follow-redirects
    version: 1.14.9
    engines: {node: '>=4.0'}
    peerDependencies:
      debug: '*'
    peerDependenciesMeta:
      debug:
        optional: true
    dev: false

  registry.npmmirror.com/fsevents/2.3.2:
    resolution: {integrity: sha512-xiqMQR4xAeHTuB9uWm+fFRcIOgKBMiOBP+eXiyT7jsgVCq1bkVygt00oASowB7EdtpOHaaPgKt812P9ab+DDKA==, registry: https://registry.npm.taobao.org/, tarball: https://registry.npmmirror.com/fsevents/-/fsevents-2.3.2.tgz}
    name: fsevents
    version: 2.3.2
    engines: {node: ^8.16.0 || ^10.6.0 || >=11.0.0}
    os: [darwin]
    requiresBuild: true
    dev: true
    optional: true

  registry.npmmirror.com/function-bind/1.1.1:
    resolution: {integrity: sha512-yIovAzMX49sF8Yl58fSCWJ5svSLuaibPxXQJFLmBObTuCr0Mf1KiPopGM9NiFjiYBCbfaa2Fh6breQ6ANVTI0A==, registry: https://registry.npm.taobao.org/, tarball: https://registry.npmmirror.com/function-bind/-/function-bind-1.1.1.tgz}
    name: function-bind
    version: 1.1.1
    dev: true

  registry.npmmirror.com/glob-parent/5.1.2:
    resolution: {integrity: sha512-AOIgSQCepiJYwP3ARnGx+5VnTu2HBYdzbGP45eLw1vr3zB3vZLeyed1sC9hnbcOc9/SrMyM5RPQrkGz4aS9Zow==, registry: https://registry.npm.taobao.org/, tarball: https://registry.npmmirror.com/glob-parent/-/glob-parent-5.1.2.tgz}
    name: glob-parent
    version: 5.1.2
    engines: {node: '>= 6'}
    dependencies:
      is-glob: registry.npmmirror.com/is-glob/4.0.3
    dev: true

  registry.npmmirror.com/has/1.0.3:
    resolution: {integrity: sha512-f2dvO0VU6Oej7RkWJGrehjbzMAjFp5/VKPp5tTpWIV4JHHZK1/BxbFRtf/siA2SWTe09caDmVtYYzWEIbBS4zw==, registry: https://registry.npm.taobao.org/, tarball: https://registry.npmmirror.com/has/-/has-1.0.3.tgz}
    name: has
    version: 1.0.3
    engines: {node: '>= 0.4.0'}
    dependencies:
      function-bind: registry.npmmirror.com/function-bind/1.1.1
    dev: true

  registry.npmmirror.com/immutable/4.0.0:
    resolution: {integrity: sha512-zIE9hX70qew5qTUjSS7wi1iwj/l7+m54KWU247nhM3v806UdGj1yDndXj+IOYxxtW9zyLI+xqFNZjTuDaLUqFw==, registry: https://registry.npm.taobao.org/, tarball: https://registry.npmmirror.com/immutable/-/immutable-4.0.0.tgz}
    name: immutable
    version: 4.0.0
    dev: true

  registry.npmmirror.com/is-binary-path/2.1.0:
    resolution: {integrity: sha512-ZMERYes6pDydyuGidse7OsHxtbI7WVeUEozgR/g7rd0xUimYNlvZRE/K2MgZTjWy725IfelLeVcEM97mmtRGXw==, registry: https://registry.npm.taobao.org/, tarball: https://registry.npmmirror.com/is-binary-path/-/is-binary-path-2.1.0.tgz}
    name: is-binary-path
    version: 2.1.0
    engines: {node: '>=8'}
    dependencies:
      binary-extensions: registry.npmmirror.com/binary-extensions/2.2.0
    dev: true

  registry.npmmirror.com/is-core-module/2.9.0:
    resolution: {integrity: sha512-+5FPy5PnwmO3lvfMb0AsoPaBG+5KHUI0wYFXOtYPnVVVspTFUuMZNfNaNVRt3FZadstu2c8x23vykRW/NBoU6A==, registry: https://registry.npm.taobao.org/, tarball: https://registry.npmmirror.com/is-core-module/-/is-core-module-2.9.0.tgz}
    name: is-core-module
    version: 2.9.0
    dependencies:
      has: registry.npmmirror.com/has/1.0.3
    dev: true

  registry.npmmirror.com/is-extglob/2.1.1:
    resolution: {integrity: sha512-SbKbANkN603Vi4jEZv49LeVJMn4yGwsbzZworEoyEiutsN3nJYdbO36zfhGJ6QEDpOZIFkDtnq5JRxmvl3jsoQ==, registry: https://registry.npm.taobao.org/, tarball: https://registry.npmmirror.com/is-extglob/-/is-extglob-2.1.1.tgz}
    name: is-extglob
    version: 2.1.1
    engines: {node: '>=0.10.0'}
    dev: true

  registry.npmmirror.com/is-glob/4.0.3:
    resolution: {integrity: sha512-xelSayHH36ZgE7ZWhli7pW34hNbNl8Ojv5KVmkJD4hBdD3th8Tfk9vYasLM+mXWOZhFkgZfxhLSnrwRr4elSSg==, registry: https://registry.npm.taobao.org/, tarball: https://registry.npmmirror.com/is-glob/-/is-glob-4.0.3.tgz}
    name: is-glob
    version: 4.0.3
    engines: {node: '>=0.10.0'}
    dependencies:
      is-extglob: registry.npmmirror.com/is-extglob/2.1.1
    dev: true

  registry.npmmirror.com/is-number/7.0.0:
    resolution: {integrity: sha512-41Cifkg6e8TylSpdtTpeLVMqvSBEVzTttHvERD741+pnZ8ANv0004MRL43QKPDlK9cGvNp6NZWZUBlbGXYxxng==, registry: https://registry.npm.taobao.org/, tarball: https://registry.npmmirror.com/is-number/-/is-number-7.0.0.tgz}
    name: is-number
    version: 7.0.0
    engines: {node: '>=0.12.0'}
    dev: true

  registry.npmmirror.com/magic-string/0.25.9:
    resolution: {integrity: sha512-RmF0AsMzgt25qzqqLc1+MbHmhdx0ojF2Fvs4XnOqz2ZOBXzzkEwc/dJQZCYHAn7v1jbVOjAZfK8msRn4BxO4VQ==, registry: https://registry.npm.taobao.org/, tarball: https://registry.npmmirror.com/magic-string/-/magic-string-0.25.9.tgz}
    name: magic-string
    version: 0.25.9
    dependencies:
      sourcemap-codec: registry.npmmirror.com/sourcemap-codec/1.4.8

  registry.npmmirror.com/nanoid/3.3.3:
    resolution: {integrity: sha512-p1sjXuopFs0xg+fPASzQ28agW1oHD7xDsd9Xkf3T15H3c/cifrFHVwrh74PdoklAPi+i7MdRsE47vm2r6JoB+w==, registry: https://registry.npm.taobao.org/, tarball: https://registry.npmmirror.com/nanoid/-/nanoid-3.3.3.tgz}
    name: nanoid
    version: 3.3.3
    engines: {node: ^10 || ^12 || ^13.7 || ^14 || >=15.0.1}
    hasBin: true

  registry.npmmirror.com/normalize-path/3.0.0:
    resolution: {integrity: sha512-6eZs5Ls3WtCisHWp9S2GUy8dqkpGi4BVSz3GaqiE6ezub0512ESztXUwUB6C6IKbQkY2Pnb/mD4WYojCRwcwLA==, registry: https://registry.npm.taobao.org/, tarball: https://registry.npmmirror.com/normalize-path/-/normalize-path-3.0.0.tgz}
    name: normalize-path
    version: 3.0.0
    engines: {node: '>=0.10.0'}
    dev: true

  registry.npmmirror.com/path-parse/1.0.7:
    resolution: {integrity: sha512-LDJzPVEEEPR+y48z93A0Ed0yXb8pAByGWo/k5YYdYgpY2/2EsOsksJrq7lOHxryrVOn1ejG6oAp8ahvOIQD8sw==, registry: https://registry.npm.taobao.org/, tarball: https://registry.npmmirror.com/path-parse/-/path-parse-1.0.7.tgz}
    name: path-parse
    version: 1.0.7
    dev: true

  registry.npmmirror.com/picocolors/1.0.0:
    resolution: {integrity: sha512-1fygroTLlHu66zi26VoTDv8yRgm0Fccecssto+MhsZ0D/DGW2sm8E8AjW7NU5VVTRt5GxbeZ5qBuJr+HyLYkjQ==, registry: https://registry.npm.taobao.org/, tarball: https://registry.npmmirror.com/picocolors/-/picocolors-1.0.0.tgz}
    name: picocolors
    version: 1.0.0

  registry.npmmirror.com/picomatch/2.3.1:
    resolution: {integrity: sha512-JU3teHTNjmE2VCGFzuY8EXzCDVwEqB2a8fsIvwaStHhAWJEeVd1o1QD80CU6+ZdEXXSLbSsuLwJjkCBWqRQUVA==, registry: https://registry.npm.taobao.org/, tarball: https://registry.npmmirror.com/picomatch/-/picomatch-2.3.1.tgz}
    name: picomatch
    version: 2.3.1
    engines: {node: '>=8.6'}
    dev: true

  registry.npmmirror.com/pinia/2.0.13_typescript@4.6.3+vue@3.2.33:
    resolution: {integrity: sha512-B7rSqm1xNpwcPMnqns8/gVBfbbi7lWTByzS6aPZ4JOXSJD4Y531rZHDCoYWBwLyHY/8hWnXljgiXp6rRyrofcw==, registry: https://registry.npm.taobao.org/, tarball: https://registry.npmmirror.com/pinia/-/pinia-2.0.13.tgz}
    id: registry.npmmirror.com/pinia/2.0.13
    name: pinia
    version: 2.0.13
    peerDependencies:
      '@vue/composition-api': ^1.4.0
      typescript: '>=4.4.4'
      vue: ^2.6.14 || ^3.2.0
    peerDependenciesMeta:
      '@vue/composition-api':
        optional: true
      typescript:
        optional: true
    dependencies:
      '@vue/devtools-api': registry.npmmirror.com/@vue/devtools-api/6.1.4
      typescript: registry.npmmirror.com/typescript/4.6.3
      vue: registry.npmmirror.com/vue/3.2.33
      vue-demi: registry.npmmirror.com/vue-demi/0.12.5_vue@3.2.33
    dev: false

  registry.npmmirror.com/postcss/8.4.12:
    resolution: {integrity: sha512-lg6eITwYe9v6Hr5CncVbK70SoioNQIq81nsaG86ev5hAidQvmOeETBqs7jm43K2F5/Ley3ytDtriImV6TpNiSg==, registry: https://registry.npm.taobao.org/, tarball: https://registry.npmmirror.com/postcss/-/postcss-8.4.12.tgz}
    name: postcss
    version: 8.4.12
    engines: {node: ^10 || ^12 || >=14}
    dependencies:
      nanoid: registry.npmmirror.com/nanoid/3.3.3
      picocolors: registry.npmmirror.com/picocolors/1.0.0
      source-map-js: registry.npmmirror.com/source-map-js/1.0.2

  registry.npmmirror.com/readdirp/3.6.0:
    resolution: {integrity: sha512-hOS089on8RduqdbhvQ5Z37A0ESjsqz6qnRcffsMU3495FuTdqSm+7bhJ29JvIOsBDEEnan5DPu9t3To9VRlMzA==, registry: https://registry.npm.taobao.org/, tarball: https://registry.npmmirror.com/readdirp/-/readdirp-3.6.0.tgz}
    name: readdirp
    version: 3.6.0
    engines: {node: '>=8.10.0'}
    dependencies:
      picomatch: registry.npmmirror.com/picomatch/2.3.1
    dev: true

  registry.npmmirror.com/resolve/1.22.0:
    resolution: {integrity: sha512-Hhtrw0nLeSrFQ7phPp4OOcVjLPIeMnRlr5mcnVuMe7M/7eBn98A3hmFRLoFo3DLZkivSYwhRUJTyPyWAk56WLw==, registry: https://registry.npm.taobao.org/, tarball: https://registry.npmmirror.com/resolve/-/resolve-1.22.0.tgz}
    name: resolve
    version: 1.22.0
    hasBin: true
    dependencies:
      is-core-module: registry.npmmirror.com/is-core-module/2.9.0
      path-parse: registry.npmmirror.com/path-parse/1.0.7
      supports-preserve-symlinks-flag: registry.npmmirror.com/supports-preserve-symlinks-flag/1.0.0
    dev: true

  registry.npmmirror.com/rollup/2.70.2:
    resolution: {integrity: sha512-EitogNZnfku65I1DD5Mxe8JYRUCy0hkK5X84IlDtUs+O6JRMpRciXTzyCUuX11b5L5pvjH+OmFXiQ3XjabcXgg==, registry: https://registry.npm.taobao.org/, tarball: https://registry.npmmirror.com/rollup/-/rollup-2.70.2.tgz}
    name: rollup
    version: 2.70.2
    engines: {node: '>=10.0.0'}
    hasBin: true
    optionalDependencies:
      fsevents: registry.npmmirror.com/fsevents/2.3.2
    dev: true

  registry.npmmirror.com/sass/1.50.1:
    resolution: {integrity: sha512-noTnY41KnlW2A9P8sdwESpDmo+KBNkukI1i8+hOK3footBUcohNHtdOJbckp46XO95nuvcHDDZ+4tmOnpK3hjw==, registry: https://registry.npm.taobao.org/, tarball: https://registry.npmmirror.com/sass/-/sass-1.50.1.tgz}
    name: sass
    version: 1.50.1
    engines: {node: '>=12.0.0'}
    hasBin: true
    dependencies:
      chokidar: registry.npmmirror.com/chokidar/3.5.3
      immutable: registry.npmmirror.com/immutable/4.0.0
      source-map-js: registry.npmmirror.com/source-map-js/1.0.2
    dev: true

  registry.npmmirror.com/source-map-js/1.0.2:
    resolution: {integrity: sha512-R0XvVJ9WusLiqTCEiGCmICCMplcCkIwwR11mOSD9CR5u+IXYdiseeEuXCVAjS54zqwkLcPNnmU4OeJ6tUrWhDw==, registry: https://registry.npm.taobao.org/, tarball: https://registry.npmmirror.com/source-map-js/-/source-map-js-1.0.2.tgz}
    name: source-map-js
    version: 1.0.2
    engines: {node: '>=0.10.0'}

  registry.npmmirror.com/source-map/0.6.1:
    resolution: {integrity: sha512-UjgapumWlbMhkBgzT7Ykc5YXUT46F0iKu8SGXq0bcwP5dz/h0Plj6enJqjz1Zbq2l5WaqYnrVbwWOWMyF3F47g==, registry: https://registry.npm.taobao.org/, tarball: https://registry.npmmirror.com/source-map/-/source-map-0.6.1.tgz}
    name: source-map
    version: 0.6.1
    engines: {node: '>=0.10.0'}

  registry.npmmirror.com/sourcemap-codec/1.4.8:
    resolution: {integrity: sha512-9NykojV5Uih4lgo5So5dtw+f0JgJX30KCNI8gwhz2J9A15wD0Ml6tjHKwf6fTSa6fAdVBdZeNOs9eJ71qCk8vA==, registry: https://registry.npm.taobao.org/, tarball: https://registry.npmmirror.com/sourcemap-codec/-/sourcemap-codec-1.4.8.tgz}
    name: sourcemap-codec
    version: 1.4.8

  registry.npmmirror.com/supports-preserve-symlinks-flag/1.0.0:
    resolution: {integrity: sha512-ot0WnXS9fgdkgIcePe6RHNk1WA8+muPa6cSjeR3V8K27q9BB1rTE3R1p7Hv0z1ZyAc8s6Vvv8DIyWf681MAt0w==, registry: https://registry.npm.taobao.org/, tarball: https://registry.npmmirror.com/supports-preserve-symlinks-flag/-/supports-preserve-symlinks-flag-1.0.0.tgz}
    name: supports-preserve-symlinks-flag
    version: 1.0.0
    engines: {node: '>= 0.4'}
    dev: true

  registry.npmmirror.com/to-regex-range/5.0.1:
    resolution: {integrity: sha512-65P7iz6X5yEr1cwcgvQxbbIw7Uk3gOy5dIdtZ4rDveLqhrdJP+Li/Hx6tyK0NEb+2GCyneCMJiGqrADCSNk8sQ==, registry: https://registry.npm.taobao.org/, tarball: https://registry.npmmirror.com/to-regex-range/-/to-regex-range-5.0.1.tgz}
    name: to-regex-range
    version: 5.0.1
    engines: {node: '>=8.0'}
    dependencies:
      is-number: registry.npmmirror.com/is-number/7.0.0
    dev: true

  registry.npmmirror.com/typescript/4.6.3:
    resolution: {integrity: sha512-yNIatDa5iaofVozS/uQJEl3JRWLKKGJKh6Yaiv0GLGSuhpFJe7P3SbHZ8/yjAHRQwKRoA6YZqlfjXWmVzoVSMw==, registry: https://registry.npm.taobao.org/, tarball: https://registry.npmmirror.com/typescript/-/typescript-4.6.3.tgz}
    name: typescript
    version: 4.6.3
    engines: {node: '>=4.2.0'}
    hasBin: true
    dev: true

  registry.npmmirror.com/vite/2.9.5_sass@1.50.1:
    resolution: {integrity: sha512-dvMN64X2YEQgSXF1lYabKXw3BbN6e+BL67+P3Vy4MacnY+UzT1AfkHiioFSi9+uiDUiaDy7Ax/LQqivk6orilg==, registry: https://registry.npm.taobao.org/, tarball: https://registry.npmmirror.com/vite/-/vite-2.9.5.tgz}
    id: registry.npmmirror.com/vite/2.9.5
    name: vite
    version: 2.9.5
    engines: {node: '>=12.2.0'}
    hasBin: true
    peerDependencies:
      less: '*'
      sass: '*'
      stylus: '*'
    peerDependenciesMeta:
      less:
        optional: true
      sass:
        optional: true
      stylus:
        optional: true
    dependencies:
      esbuild: registry.npmmirror.com/esbuild/0.14.37
      postcss: registry.npmmirror.com/postcss/8.4.12
      resolve: registry.npmmirror.com/resolve/1.22.0
      rollup: registry.npmmirror.com/rollup/2.70.2
      sass: registry.npmmirror.com/sass/1.50.1
    optionalDependencies:
      fsevents: registry.npmmirror.com/fsevents/2.3.2
    dev: true

  registry.npmmirror.com/vue-demi/0.12.5_vue@3.2.33:
    resolution: {integrity: sha512-BREuTgTYlUr0zw0EZn3hnhC3I6gPWv+Kwh4MCih6QcAeaTlaIX0DwOVN0wHej7hSvDPecz4jygy/idsgKfW58Q==, registry: https://registry.npm.taobao.org/, tarball: https://registry.npmmirror.com/vue-demi/-/vue-demi-0.12.5.tgz}
    id: registry.npmmirror.com/vue-demi/0.12.5
    name: vue-demi
    version: 0.12.5
    engines: {node: '>=12'}
    hasBin: true
    requiresBuild: true
    peerDependencies:
      '@vue/composition-api': ^1.0.0-rc.1
      vue: ^3.0.0-0 || ^2.6.0
    peerDependenciesMeta:
      '@vue/composition-api':
        optional: true
    dependencies:
      vue: registry.npmmirror.com/vue/3.2.33
    dev: false

  registry.npmmirror.com/vue-router/4.0.14_vue@3.2.33:
    resolution: {integrity: sha512-wAO6zF9zxA3u+7AkMPqw9LjoUCjSxfFvINQj3E/DceTt6uEz1XZLraDhdg2EYmvVwTBSGlLYsUw8bDmx0754Mw==, registry: https://registry.npm.taobao.org/, tarball: https://registry.npmmirror.com/vue-router/-/vue-router-4.0.14.tgz}
    id: registry.npmmirror.com/vue-router/4.0.14
    name: vue-router
    version: 4.0.14
    peerDependencies:
      vue: ^3.2.0
    dependencies:
      '@vue/devtools-api': registry.npmmirror.com/@vue/devtools-api/6.1.4
      vue: registry.npmmirror.com/vue/3.2.33
    dev: false

  registry.npmmirror.com/vue-tsc/0.34.8_typescript@4.6.3:
    resolution: {integrity: sha512-RvuFwiuj2lfSnTGHhLy6xLspNA7VOU3low+Ckvbl3utw6A6ELmXDUuuo8VAzNm7HuJe3M64lAxxWdOOG3vqMVw==, registry: https://registry.npm.taobao.org/, tarball: https://registry.npmmirror.com/vue-tsc/-/vue-tsc-0.34.8.tgz}
    id: registry.npmmirror.com/vue-tsc/0.34.8
    name: vue-tsc
    version: 0.34.8
    hasBin: true
    peerDependencies:
      typescript: '*'
    dependencies:
      '@volar/vue-typescript': registry.npmmirror.com/@volar/vue-typescript/0.34.8
      typescript: registry.npmmirror.com/typescript/4.6.3
    dev: true

  registry.npmmirror.com/vue/3.2.33:
    resolution: {integrity: sha512-si1ExAlDUrLSIg/V7D/GgA4twJwfsfgG+t9w10z38HhL/HA07132pUQ2KuwAo8qbCyMJ9e6OqrmWrOCr+jW7ZQ==, registry: https://registry.npm.taobao.org/, tarball: https://registry.npmmirror.com/vue/-/vue-3.2.33.tgz}
    name: vue
    version: 3.2.33
    dependencies:
      '@vue/compiler-dom': registry.npmmirror.com/@vue/compiler-dom/3.2.33
      '@vue/compiler-sfc': registry.npmmirror.com/@vue/compiler-sfc/3.2.33
      '@vue/runtime-dom': registry.npmmirror.com/@vue/runtime-dom/3.2.33
      '@vue/server-renderer': registry.npmmirror.com/@vue/server-renderer/3.2.33_vue@3.2.33
      '@vue/shared': registry.npmmirror.com/@vue/shared/3.2.33
    dev: false
